
Microsoft Visual Studio Solution File, Format Version 12.00
# Visual Studio Version 17
VisualStudioVersion = 17.10.35013.160
MinimumVisualStudioVersion = 10.0.40219.1
Project("{9A19103F-16F7-4668-BE54-9A1E7A4F7556}") = "Entities", "..\Models\Entities.csproj", "{3C396759-39E8-4BB6-A673-5E6472D59487}"
EndProject
Project("{9A19103F-16F7-4668-BE54-9A1E7A4F7556}") = "Database.API", "..\Database.API\Database.API.csproj", "{25444723-41FA-4F78-AD92-DA1C05F223D8}"
EndProject
Project("{2150E333-8FDC-42A3-9474-1A3956D46DE8}") = "Plugins", "Plugins", "{FF9BBF84-F184-4549-B394-07D67D99B665}"
EndProject
Project("{9A19103F-16F7-4668-BE54-9A1E7A4F7556}") = "DataStore.Webapi", "DataStore.Webapi\DataStore.Webapi.csproj", "{9247FC6C-12B1-41AD-84C7-59C852654086}"
EndProject
Project("{9A19103F-16F7-4668-BE54-9A1E7A4F7556}") = "ManagementSystem", "ManagementSystem\ManagementSystem.csproj", "{137357DC-9B12-431B-AD62-FAAC6DE3DDF1}"
EndProject
Project("{2150E333-8FDC-42A3-9474-1A3956D46DE8}") = "Solution Items", "Solution Items", "{033736C5-B607-49AB-88B6-24EE2F8D3DB3}"
EndProject
Project("{9A19103F-16F7-4668-BE54-9A1E7A4F7556}") = "ApiService", "ApiService\ApiService.csproj", "{2463B219-1914-4BC5-9B76-4E51E87F5E3C}"
EndProject
Global
	GlobalSection(SolutionConfigurationPlatforms) = preSolution
		Debug|Any CPU = Debug|Any CPU
		Debug|ARM64 = Debug|ARM64
		Debug|x64 = Debug|x64
		Debug|x86 = Debug|x86
		Release|Any CPU = Release|Any CPU
		Release|ARM64 = Release|ARM64
		Release|x64 = Release|x64
		Release|x86 = Release|x86
	EndGlobalSection
	GlobalSection(ProjectConfigurationPlatforms) = postSolution
		{3C396759-39E8-4BB6-A673-5E6472D59487}.Debug|Any CPU.ActiveCfg = Debug|Any CPU
		{3C396759-39E8-4BB6-A673-5E6472D59487}.Debug|Any CPU.Build.0 = Debug|Any CPU
		{3C396759-39E8-4BB6-A673-5E6472D59487}.Debug|ARM64.ActiveCfg = Debug|Any CPU
		{3C396759-39E8-4BB6-A673-5E6472D59487}.Debug|ARM64.Build.0 = Debug|Any CPU
		{3C396759-39E8-4BB6-A673-5E6472D59487}.Debug|x64.ActiveCfg = Debug|Any CPU
		{3C396759-39E8-4BB6-A673-5E6472D59487}.Debug|x64.Build.0 = Debug|Any CPU
		{3C396759-39E8-4BB6-A673-5E6472D59487}.Debug|x86.ActiveCfg = Debug|Any CPU
		{3C396759-39E8-4BB6-A673-5E6472D59487}.Debug|x86.Build.0 = Debug|Any CPU
		{3C396759-39E8-4BB6-A673-5E6472D59487}.Release|Any CPU.ActiveCfg = Release|Any CPU
		{3C396759-39E8-4BB6-A673-5E6472D59487}.Release|Any CPU.Build.0 = Release|Any CPU
		{3C396759-39E8-4BB6-A673-5E6472D59487}.Release|ARM64.ActiveCfg = Release|Any CPU
		{3C396759-39E8-4BB6-A673-5E6472D59487}.Release|ARM64.Build.0 = Release|Any CPU
		{3C396759-39E8-4BB6-A673-5E6472D59487}.Release|x64.ActiveCfg = Release|Any CPU
		{3C396759-39E8-4BB6-A673-5E6472D59487}.Release|x64.Build.0 = Release|Any CPU
		{3C396759-39E8-4BB6-A673-5E6472D59487}.Release|x86.ActiveCfg = Release|Any CPU
		{3C396759-39E8-4BB6-A673-5E6472D59487}.Release|x86.Build.0 = Release|Any CPU
		{25444723-41FA-4F78-AD92-DA1C05F223D8}.Debug|Any CPU.ActiveCfg = Debug|Any CPU
		{25444723-41FA-4F78-AD92-DA1C05F223D8}.Debug|Any CPU.Build.0 = Debug|Any CPU
		{25444723-41FA-4F78-AD92-DA1C05F223D8}.Debug|ARM64.ActiveCfg = Debug|Any CPU
		{25444723-41FA-4F78-AD92-DA1C05F223D8}.Debug|ARM64.Build.0 = Debug|Any CPU
		{25444723-41FA-4F78-AD92-DA1C05F223D8}.Debug|x64.ActiveCfg = Debug|Any CPU
		{25444723-41FA-4F78-AD92-DA1C05F223D8}.Debug|x64.Build.0 = Debug|Any CPU
		{25444723-41FA-4F78-AD92-DA1C05F223D8}.Debug|x86.ActiveCfg = Debug|Any CPU
		{25444723-41FA-4F78-AD92-DA1C05F223D8}.Debug|x86.Build.0 = Debug|Any CPU
		{25444723-41FA-4F78-AD92-DA1C05F223D8}.Release|Any CPU.ActiveCfg = Release|Any CPU
		{25444723-41FA-4F78-AD92-DA1C05F223D8}.Release|Any CPU.Build.0 = Release|Any CPU
		{25444723-41FA-4F78-AD92-DA1C05F223D8}.Release|ARM64.ActiveCfg = Release|Any CPU
		{25444723-41FA-4F78-AD92-DA1C05F223D8}.Release|ARM64.Build.0 = Release|Any CPU
		{25444723-41FA-4F78-AD92-DA1C05F223D8}.Release|x64.ActiveCfg = Release|Any CPU
		{25444723-41FA-4F78-AD92-DA1C05F223D8}.Release|x64.Build.0 = Release|Any CPU
		{25444723-41FA-4F78-AD92-DA1C05F223D8}.Release|x86.ActiveCfg = Release|Any CPU
		{25444723-41FA-4F78-AD92-DA1C05F223D8}.Release|x86.Build.0 = Release|Any CPU
		{9247FC6C-12B1-41AD-84C7-59C852654086}.Debug|Any CPU.ActiveCfg = Debug|Any CPU
		{9247FC6C-12B1-41AD-84C7-59C852654086}.Debug|Any CPU.Build.0 = Debug|Any CPU
		{9247FC6C-12B1-41AD-84C7-59C852654086}.Debug|ARM64.ActiveCfg = Debug|Any CPU
		{9247FC6C-12B1-41AD-84C7-59C852654086}.Debug|ARM64.Build.0 = Debug|Any CPU
		{9247FC6C-12B1-41AD-84C7-59C852654086}.Debug|x64.ActiveCfg = Debug|Any CPU
		{9247FC6C-12B1-41AD-84C7-59C852654086}.Debug|x64.Build.0 = Debug|Any CPU
		{9247FC6C-12B1-41AD-84C7-59C852654086}.Debug|x86.ActiveCfg = Debug|Any CPU
		{9247FC6C-12B1-41AD-84C7-59C852654086}.Debug|x86.Build.0 = Debug|Any CPU
		{9247FC6C-12B1-41AD-84C7-59C852654086}.Release|Any CPU.ActiveCfg = Release|Any CPU
		{9247FC6C-12B1-41AD-84C7-59C852654086}.Release|Any CPU.Build.0 = Release|Any CPU
		{9247FC6C-12B1-41AD-84C7-59C852654086}.Release|ARM64.ActiveCfg = Release|Any CPU
		{9247FC6C-12B1-41AD-84C7-59C852654086}.Release|ARM64.Build.0 = Release|Any CPU
		{9247FC6C-12B1-41AD-84C7-59C852654086}.Release|x64.ActiveCfg = Release|Any CPU
		{9247FC6C-12B1-41AD-84C7-59C852654086}.Release|x64.Build.0 = Release|Any CPU
		{9247FC6C-12B1-41AD-84C7-59C852654086}.Release|x86.ActiveCfg = Release|Any CPU
		{9247FC6C-12B1-41AD-84C7-59C852654086}.Release|x86.Build.0 = Release|Any CPU
		{137357DC-9B12-431B-AD62-FAAC6DE3DDF1}.Debug|Any CPU.ActiveCfg = Debug|Any CPU
		{137357DC-9B12-431B-AD62-FAAC6DE3DDF1}.Debug|Any CPU.Build.0 = Debug|Any CPU
		{137357DC-9B12-431B-AD62-FAAC6DE3DDF1}.Debug|Any CPU.Deploy.0 = Debug|Any CPU
		{137357DC-9B12-431B-AD62-FAAC6DE3DDF1}.Debug|ARM64.ActiveCfg = Debug|Any CPU
		{137357DC-9B12-431B-AD62-FAAC6DE3DDF1}.Debug|ARM64.Build.0 = Debug|Any CPU
		{137357DC-9B12-431B-AD62-FAAC6DE3DDF1}.Debug|ARM64.Deploy.0 = Debug|Any CPU
		{137357DC-9B12-431B-AD62-FAAC6DE3DDF1}.Debug|x64.ActiveCfg = Debug|Any CPU
		{137357DC-9B12-431B-AD62-FAAC6DE3DDF1}.Debug|x64.Build.0 = Debug|Any CPU
		{137357DC-9B12-431B-AD62-FAAC6DE3DDF1}.Debug|x64.Deploy.0 = Debug|Any CPU
		{137357DC-9B12-431B-AD62-FAAC6DE3DDF1}.Debug|x86.ActiveCfg = Debug|x86
		{137357DC-9B12-431B-AD62-FAAC6DE3DDF1}.Debug|x86.Build.0 = Debug|x86
		{137357DC-9B12-431B-AD62-FAAC6DE3DDF1}.Debug|x86.Deploy.0 = Debug|x86
		{137357DC-9B12-431B-AD62-FAAC6DE3DDF1}.Release|Any CPU.ActiveCfg = Release|Any CPU
		{137357DC-9B12-431B-AD62-FAAC6DE3DDF1}.Release|Any CPU.Build.0 = Release|Any CPU
		{137357DC-9B12-431B-AD62-FAAC6DE3DDF1}.Release|Any CPU.Deploy.0 = Release|Any CPU
		{137357DC-9B12-431B-AD62-FAAC6DE3DDF1}.Release|ARM64.ActiveCfg = Release|ARM64
		{137357DC-9B12-431B-AD62-FAAC6DE3DDF1}.Release|ARM64.Build.0 = Release|ARM64
		{137357DC-9B12-431B-AD62-FAAC6DE3DDF1}.Release|ARM64.Deploy.0 = Release|ARM64
		{137357DC-9B12-431B-AD62-FAAC6DE3DDF1}.Release|x64.ActiveCfg = Release|Any CPU
		{137357DC-9B12-431B-AD62-FAAC6DE3DDF1}.Release|x64.Build.0 = Release|Any CPU
		{137357DC-9B12-431B-AD62-FAAC6DE3DDF1}.Release|x64.Deploy.0 = Release|Any CPU
		{137357DC-9B12-431B-AD62-FAAC6DE3DDF1}.Release|x86.ActiveCfg = Release|x86
		{137357DC-9B12-431B-AD62-FAAC6DE3DDF1}.Release|x86.Build.0 = Release|x86
		{137357DC-9B12-431B-AD62-FAAC6DE3DDF1}.Release|x86.Deploy.0 = Release|x86
		{2463B219-1914-4BC5-9B76-4E51E87F5E3C}.Debug|Any CPU.ActiveCfg = Debug|Any CPU
		{2463B219-1914-4BC5-9B76-4E51E87F5E3C}.Debug|Any CPU.Build.0 = Debug|Any CPU
		{2463B219-1914-4BC5-9B76-4E51E87F5E3C}.Debug|ARM64.ActiveCfg = Debug|Any CPU
		{2463B219-1914-4BC5-9B76-4E51E87F5E3C}.Debug|ARM64.Build.0 = Debug|Any CPU
		{2463B219-1914-4BC5-9B76-4E51E87F5E3C}.Debug|x64.ActiveCfg = Debug|Any CPU
		{2463B219-1914-4BC5-9B76-4E51E87F5E3C}.Debug|x64.Build.0 = Debug|Any CPU
		{2463B219-1914-4BC5-9B76-4E51E87F5E3C}.Debug|x86.ActiveCfg = Debug|Any CPU
		{2463B219-1914-4BC5-9B76-4E51E87F5E3C}.Debug|x86.Build.0 = Debug|Any CPU
		{2463B219-1914-4BC5-9B76-4E51E87F5E3C}.Release|Any CPU.ActiveCfg = Release|Any CPU
		{2463B219-1914-4BC5-9B76-4E51E87F5E3C}.Release|Any CPU.Build.0 = Release|Any CPU
		{2463B219-1914-4BC5-9B76-4E51E87F5E3C}.Release|ARM64.ActiveCfg = Release|Any CPU
		{2463B219-1914-4BC5-9B76-4E51E87F5E3C}.Release|ARM64.Build.0 = Release|Any CPU
		{2463B219-1914-4BC5-9B76-4E51E87F5E3C}.Release|x64.ActiveCfg = Release|Any CPU
		{2463B219-1914-4BC5-9B76-4E51E87F5E3C}.Release|x64.Build.0 = Release|Any CPU
		{2463B219-1914-4BC5-9B76-4E51E87F5E3C}.Release|x86.ActiveCfg = Release|Any CPU
		{2463B219-1914-4BC5-9B76-4E51E87F5E3C}.Release|x86.Build.0 = Release|Any CPU
	EndGlobalSection
	GlobalSection(SolutionProperties) = preSolution
		HideSolutionNode = FALSE
	EndGlobalSection
	GlobalSection(NestedProjects) = preSolution
		{9247FC6C-12B1-41AD-84C7-59C852654086} = {FF9BBF84-F184-4549-B394-07D67D99B665}
	EndGlobalSection
	GlobalSection(ExtensibilityGlobals) = postSolution
		SolutionGuid = {7EA787F7-2D31-4ACB-8CCF-F400290042C8}
	EndGlobalSection
EndGlobal
